
Microsoft Visual Studio Solution File, Format Version 12.00
# Visual Studio Version 16
VisualStudioVersion = 25.0.1705.0
MinimumVisualStudioVersion = 10.0.40219.1
Project("{FAE04EC0-301F-11D3-BF4B-00C04F79EFBC}") = "CloudFabric.JobHandler.Processor", "CloudFabric.JobHandler.Processor.csproj", "{EBF6A92C-7835-49F4-89E6-EE5289EE5016}"
EndProject
Project("{FAE04EC0-301F-11D3-BF4B-00C04F79EFBC}") = "CloudFabric.JobHandler.Processor.Tests", "..\CloudFabric.JobHandler.Processor.Tests\CloudFabric.JobHandler.Processor.Tests.csproj", "{9AFF8102-02C7-4C50-ABCB-A54140F463A8}"
EndProject
Global
	GlobalSection(SolutionConfigurationPlatforms) = preSolution
		Debug|Any CPU = Debug|Any CPU
		Release|Any CPU = Release|Any CPU
	EndGlobalSection
	GlobalSection(ProjectConfigurationPlatforms) = postSolution
		{EBF6A92C-7835-49F4-89E6-EE5289EE5016}.Debug|Any CPU.ActiveCfg = Debug|Any CPU
		{EBF6A92C-7835-49F4-89E6-EE5289EE5016}.Debug|Any CPU.Build.0 = Debug|Any CPU
		{EBF6A92C-7835-49F4-89E6-EE5289EE5016}.Release|Any CPU.ActiveCfg = Release|Any CPU
		{EBF6A92C-7835-49F4-89E6-EE5289EE5016}.Release|Any CPU.Build.0 = Release|Any CPU
		{9AFF8102-02C7-4C50-ABCB-A54140F463A8}.Debug|Any CPU.ActiveCfg = Debug|Any CPU
		{9AFF8102-02C7-4C50-ABCB-A54140F463A8}.Debug|Any CPU.Build.0 = Debug|Any CPU
		{9AFF8102-02C7-4C50-ABCB-A54140F463A8}.Release|Any CPU.ActiveCfg = Release|Any CPU
		{9AFF8102-02C7-4C50-ABCB-A54140F463A8}.Release|Any CPU.Build.0 = Release|Any CPU
	EndGlobalSection
	GlobalSection(SolutionProperties) = preSolution
		HideSolutionNode = FALSE
	EndGlobalSection
	GlobalSection(ExtensibilityGlobals) = postSolution
		SolutionGuid = {9212F932-E503-4A6F-AC08-10213977E05E}
	EndGlobalSection
EndGlobal
